
Microsoft Visual Studio Solution File, Format Version 12.00
# Visual Studio Version 17
VisualStudioVersion = 17.14.36930.0
MinimumVisualStudioVersion = 10.0.40219.1
Project("{FAE04EC0-301F-11D3-BF4B-00C04F79EFBC}") = "ApplicationUsage", "ApplicationUsage\ApplicationUsage.csproj", "{FD0F7E8C-00CC-4EAD-98AA-4B3D93EE63DA}"
EndProject
Project("{FAE04EC0-301F-11D3-BF4B-00C04F79EFBC}") = "MockDataLibrary", "MockDataLibrary\MockDataLibrary.csproj", "{DBDE948F-B57A-4023-B3B2-C123DAD8E1EA}"
EndProject
Project("{FAE04EC0-301F-11D3-BF4B-00C04F79EFBC}") = "MockDataLibrary.Tests", "MockDataLibrary.Tests\MockDataLibrary.Tests.csproj", "{B96B6348-85DD-491F-A3DB-830E00EE7A2A}"
EndProject
Global
	GlobalSection(SolutionConfigurationPlatforms) = preSolution
		Debug|Any CPU = Debug|Any CPU
		Release|Any CPU = Release|Any CPU
	EndGlobalSection
	GlobalSection(ProjectConfigurationPlatforms) = postSolution
		{FD0F7E8C-00CC-4EAD-98AA-4B3D93EE63DA}.Debug|Any CPU.ActiveCfg = Debug|Any CPU
		{FD0F7E8C-00CC-4EAD-98AA-4B3D93EE63DA}.Debug|Any CPU.Build.0 = Debug|Any CPU
		{FD0F7E8C-00CC-4EAD-98AA-4B3D93EE63DA}.Release|Any CPU.ActiveCfg = Release|Any CPU
		{FD0F7E8C-00CC-4EAD-98AA-4B3D93EE63DA}.Release|Any CPU.Build.0 = Release|Any CPU
		{DBDE948F-B57A-4023-B3B2-C123DAD8E1EA}.Debug|Any CPU.ActiveCfg = Debug|Any CPU
		{DBDE948F-B57A-4023-B3B2-C123DAD8E1EA}.Debug|Any CPU.Build.0 = Debug|Any CPU
		{DBDE948F-B57A-4023-B3B2-C123DAD8E1EA}.Release|Any CPU.ActiveCfg = Release|Any CPU
		{DBDE948F-B57A-4023-B3B2-C123DAD8E1EA}.Release|Any CPU.Build.0 = Release|Any CPU
		{B96B6348-85DD-491F-A3DB-830E00EE7A2A}.Debug|Any CPU.ActiveCfg = Debug|Any CPU
		{B96B6348-85DD-491F-A3DB-830E00EE7A2A}.Debug|Any CPU.Build.0 = Debug|Any CPU
		{B96B6348-85DD-491F-A3DB-830E00EE7A2A}.Release|Any CPU.ActiveCfg = Release|Any CPU
		{B96B6348-85DD-491F-A3DB-830E00EE7A2A}.Release|Any CPU.Build.0 = Release|Any CPU
	EndGlobalSection
	GlobalSection(SolutionProperties) = preSolution
		HideSolutionNode = FALSE
	EndGlobalSection
	GlobalSection(ExtensibilityGlobals) = postSolution
		SolutionGuid = {2A33BB05-3F0D-46D4-A670-FF47684EBDEA}
	EndGlobalSection
EndGlobal
